
Microsoft Visual Studio Solution File, Format Version 12.00
# Visual Studio 2012
Project("{FAE04EC0-301F-11D3-BF4B-00C04F79EFBC}") = "Server", "Server\Server.csproj", "{933DB232-2D2D-4974-BB05-9C418FEC0B40}"
EndProject
Project("{FAE04EC0-301F-11D3-BF4B-00C04F79EFBC}") = "Client", "Client\Client.csproj", "{35346185-05FB-4521-AC69-0D847CABBD55}"
EndProject
Project("{FAE04EC0-301F-11D3-BF4B-00C04F79EFBC}") = "MoqTests", "Moq\MoqTests.csproj", "{9A9443B1-F718-4A75-A50D-BCE72F0742B0}"
EndProject
Project("{2150E333-8FDC-42A3-9474-1A3956D46DE8}") = "0. Code", "0. Code", "{A7D5B6A9-EDF3-44E4-97E1-78F88E916C17}"
EndProject
Project("{FAE04EC0-301F-11D3-BF4B-00C04F79EFBC}") = "FakeItEasyTests", "FakeItEasyTests\FakeItEasyTests.csproj", "{4FDF5641-3668-4FEE-94BE-A1333678A06C}"
EndProject
Project("{FAE04EC0-301F-11D3-BF4B-00C04F79EFBC}") = "MsFakesTests", "MsFakesTests\MsFakesTests.csproj", "{07712E07-4343-4A7A-897D-67F234924D93}"
EndProject
Project("{FAE04EC0-301F-11D3-BF4B-00C04F79EFBC}") = "IsolatorTests", "IsolatorTests\IsolatorTests.csproj", "{C23DCA02-1711-4739-8FED-5CFF7FF17D1A}"
EndProject
Project("{FAE04EC0-301F-11D3-BF4B-00C04F79EFBC}") = "NMockTests", "NMockTests\NMockTests.csproj", "{B7D32E5A-4809-4544-8D73-911DAA5E27C9}"
EndProject
Project("{FAE04EC0-301F-11D3-BF4B-00C04F79EFBC}") = "RhinoMocksTests", "RhinoMocksTests\RhinoMocksTests.csproj", "{49097C60-C66B-4004-8434-99BB7A943689}"
EndProject
Project("{2150E333-8FDC-42A3-9474-1A3956D46DE8}") = "1. API Compare", "1. API Compare", "{3FD9FFF0-A2D9-4856-B19E-B000BC6AC7F5}"
EndProject
Project("{2150E333-8FDC-42A3-9474-1A3956D46DE8}") = "2. Robustness", "2. Robustness", "{8B09E777-22CA-4004-BBF9-2A566E337589}"
EndProject
Project("{FAE04EC0-301F-11D3-BF4B-00C04F79EFBC}") = "RobustMocks", "MsFakesRobust\RobustMocks.csproj", "{567FE728-5E1F-40CA-B364-4FA22F88EAFB}"
EndProject
Project("{FAE04EC0-301F-11D3-BF4B-00C04F79EFBC}") = "TestClasses", "TestClasses\TestClasses.csproj", "{7872A993-4D89-40DA-BC88-E958B43FA25F}"
EndProject
Project("{FAE04EC0-301F-11D3-BF4B-00C04F79EFBC}") = "JustMockTests", "JustMockTests\JustMockTests.csproj", "{28F6AF81-F71E-4956-A5AC-0B6287CCFA67}"
EndProject
Project("{FAE04EC0-301F-11D3-BF4B-00C04F79EFBC}") = "nSubtituteTests", "nSubtituteTests\nSubtituteTests.csproj", "{3A61492B-B8EA-4FC0-915E-715E1EC3B855}"
EndProject
Project("{2150E333-8FDC-42A3-9474-1A3956D46DE8}") = "3. Unconstraint", "3. Unconstraint", "{83CD8112-7E1D-4569-A70B-E16E86A2FADE}"
EndProject
Project("{FAE04EC0-301F-11D3-BF4B-00C04F79EFBC}") = "MsCorLibTests", "FakingThreads\MsCorLibTests.csproj", "{889F8861-C2AF-4FCE-B601-37D5AC773636}"
EndProject
Project("{FAE04EC0-301F-11D3-BF4B-00C04F79EFBC}") = "FutureFaking", "FutureFaking\FutureFaking.csproj", "{F28D084A-8531-4FF4-B22C-6BAF26233692}"
EndProject
Global
	GlobalSection(SolutionConfigurationPlatforms) = preSolution
		Debug|Any CPU = Debug|Any CPU
		Release|Any CPU = Release|Any CPU
	EndGlobalSection
	GlobalSection(ProjectConfigurationPlatforms) = postSolution
		{933DB232-2D2D-4974-BB05-9C418FEC0B40}.Debug|Any CPU.ActiveCfg = Debug|Any CPU
		{933DB232-2D2D-4974-BB05-9C418FEC0B40}.Debug|Any CPU.Build.0 = Debug|Any CPU
		{933DB232-2D2D-4974-BB05-9C418FEC0B40}.Release|Any CPU.ActiveCfg = Release|Any CPU
		{933DB232-2D2D-4974-BB05-9C418FEC0B40}.Release|Any CPU.Build.0 = Release|Any CPU
		{35346185-05FB-4521-AC69-0D847CABBD55}.Debug|Any CPU.ActiveCfg = Debug|Any CPU
		{35346185-05FB-4521-AC69-0D847CABBD55}.Debug|Any CPU.Build.0 = Debug|Any CPU
		{35346185-05FB-4521-AC69-0D847CABBD55}.Release|Any CPU.ActiveCfg = Release|Any CPU
		{35346185-05FB-4521-AC69-0D847CABBD55}.Release|Any CPU.Build.0 = Release|Any CPU
		{9A9443B1-F718-4A75-A50D-BCE72F0742B0}.Debug|Any CPU.ActiveCfg = Debug|Any CPU
		{9A9443B1-F718-4A75-A50D-BCE72F0742B0}.Debug|Any CPU.Build.0 = Debug|Any CPU
		{9A9443B1-F718-4A75-A50D-BCE72F0742B0}.Release|Any CPU.ActiveCfg = Release|Any CPU
		{9A9443B1-F718-4A75-A50D-BCE72F0742B0}.Release|Any CPU.Build.0 = Release|Any CPU
		{4FDF5641-3668-4FEE-94BE-A1333678A06C}.Debug|Any CPU.ActiveCfg = Debug|Any CPU
		{4FDF5641-3668-4FEE-94BE-A1333678A06C}.Debug|Any CPU.Build.0 = Debug|Any CPU
		{4FDF5641-3668-4FEE-94BE-A1333678A06C}.Release|Any CPU.ActiveCfg = Release|Any CPU
		{4FDF5641-3668-4FEE-94BE-A1333678A06C}.Release|Any CPU.Build.0 = Release|Any CPU
		{07712E07-4343-4A7A-897D-67F234924D93}.Debug|Any CPU.ActiveCfg = Debug|Any CPU
		{07712E07-4343-4A7A-897D-67F234924D93}.Debug|Any CPU.Build.0 = Debug|Any CPU
		{07712E07-4343-4A7A-897D-67F234924D93}.Release|Any CPU.ActiveCfg = Release|Any CPU
		{07712E07-4343-4A7A-897D-67F234924D93}.Release|Any CPU.Build.0 = Release|Any CPU
		{C23DCA02-1711-4739-8FED-5CFF7FF17D1A}.Debug|Any CPU.ActiveCfg = Debug|Any CPU
		{C23DCA02-1711-4739-8FED-5CFF7FF17D1A}.Debug|Any CPU.Build.0 = Debug|Any CPU
		{C23DCA02-1711-4739-8FED-5CFF7FF17D1A}.Release|Any CPU.ActiveCfg = Release|Any CPU
		{C23DCA02-1711-4739-8FED-5CFF7FF17D1A}.Release|Any CPU.Build.0 = Release|Any CPU
		{B7D32E5A-4809-4544-8D73-911DAA5E27C9}.Debug|Any CPU.ActiveCfg = Debug|Any CPU
		{B7D32E5A-4809-4544-8D73-911DAA5E27C9}.Debug|Any CPU.Build.0 = Debug|Any CPU
		{B7D32E5A-4809-4544-8D73-911DAA5E27C9}.Release|Any CPU.ActiveCfg = Release|Any CPU
		{B7D32E5A-4809-4544-8D73-911DAA5E27C9}.Release|Any CPU.Build.0 = Release|Any CPU
		{49097C60-C66B-4004-8434-99BB7A943689}.Debug|Any CPU.ActiveCfg = Debug|Any CPU
		{49097C60-C66B-4004-8434-99BB7A943689}.Debug|Any CPU.Build.0 = Debug|Any CPU
		{49097C60-C66B-4004-8434-99BB7A943689}.Release|Any CPU.ActiveCfg = Release|Any CPU
		{49097C60-C66B-4004-8434-99BB7A943689}.Release|Any CPU.Build.0 = Release|Any CPU
		{567FE728-5E1F-40CA-B364-4FA22F88EAFB}.Debug|Any CPU.ActiveCfg = Debug|Any CPU
		{567FE728-5E1F-40CA-B364-4FA22F88EAFB}.Debug|Any CPU.Build.0 = Debug|Any CPU
		{567FE728-5E1F-40CA-B364-4FA22F88EAFB}.Release|Any CPU.ActiveCfg = Release|Any CPU
		{567FE728-5E1F-40CA-B364-4FA22F88EAFB}.Release|Any CPU.Build.0 = Release|Any CPU
		{7872A993-4D89-40DA-BC88-E958B43FA25F}.Debug|Any CPU.ActiveCfg = Debug|Any CPU
		{7872A993-4D89-40DA-BC88-E958B43FA25F}.Debug|Any CPU.Build.0 = Debug|Any CPU
		{7872A993-4D89-40DA-BC88-E958B43FA25F}.Release|Any CPU.ActiveCfg = Release|Any CPU
		{7872A993-4D89-40DA-BC88-E958B43FA25F}.Release|Any CPU.Build.0 = Release|Any CPU
		{28F6AF81-F71E-4956-A5AC-0B6287CCFA67}.Debug|Any CPU.ActiveCfg = Debug|Any CPU
		{28F6AF81-F71E-4956-A5AC-0B6287CCFA67}.Debug|Any CPU.Build.0 = Debug|Any CPU
		{28F6AF81-F71E-4956-A5AC-0B6287CCFA67}.Release|Any CPU.ActiveCfg = Release|Any CPU
		{28F6AF81-F71E-4956-A5AC-0B6287CCFA67}.Release|Any CPU.Build.0 = Release|Any CPU
		{3A61492B-B8EA-4FC0-915E-715E1EC3B855}.Debug|Any CPU.ActiveCfg = Debug|Any CPU
		{3A61492B-B8EA-4FC0-915E-715E1EC3B855}.Debug|Any CPU.Build.0 = Debug|Any CPU
		{3A61492B-B8EA-4FC0-915E-715E1EC3B855}.Release|Any CPU.ActiveCfg = Release|Any CPU
		{3A61492B-B8EA-4FC0-915E-715E1EC3B855}.Release|Any CPU.Build.0 = Release|Any CPU
		{889F8861-C2AF-4FCE-B601-37D5AC773636}.Debug|Any CPU.ActiveCfg = Debug|Any CPU
		{889F8861-C2AF-4FCE-B601-37D5AC773636}.Debug|Any CPU.Build.0 = Debug|Any CPU
		{889F8861-C2AF-4FCE-B601-37D5AC773636}.Release|Any CPU.ActiveCfg = Release|Any CPU
		{889F8861-C2AF-4FCE-B601-37D5AC773636}.Release|Any CPU.Build.0 = Release|Any CPU
		{F28D084A-8531-4FF4-B22C-6BAF26233692}.Debug|Any CPU.ActiveCfg = Debug|Any CPU
		{F28D084A-8531-4FF4-B22C-6BAF26233692}.Debug|Any CPU.Build.0 = Debug|Any CPU
		{F28D084A-8531-4FF4-B22C-6BAF26233692}.Release|Any CPU.ActiveCfg = Release|Any CPU
		{F28D084A-8531-4FF4-B22C-6BAF26233692}.Release|Any CPU.Build.0 = Release|Any CPU
	EndGlobalSection
	GlobalSection(SolutionProperties) = preSolution
		HideSolutionNode = FALSE
	EndGlobalSection
	GlobalSection(NestedProjects) = preSolution
		{35346185-05FB-4521-AC69-0D847CABBD55} = {A7D5B6A9-EDF3-44E4-97E1-78F88E916C17}
		{933DB232-2D2D-4974-BB05-9C418FEC0B40} = {A7D5B6A9-EDF3-44E4-97E1-78F88E916C17}
		{4FDF5641-3668-4FEE-94BE-A1333678A06C} = {3FD9FFF0-A2D9-4856-B19E-B000BC6AC7F5}
		{07712E07-4343-4A7A-897D-67F234924D93} = {3FD9FFF0-A2D9-4856-B19E-B000BC6AC7F5}
		{C23DCA02-1711-4739-8FED-5CFF7FF17D1A} = {3FD9FFF0-A2D9-4856-B19E-B000BC6AC7F5}
		{B7D32E5A-4809-4544-8D73-911DAA5E27C9} = {3FD9FFF0-A2D9-4856-B19E-B000BC6AC7F5}
		{49097C60-C66B-4004-8434-99BB7A943689} = {3FD9FFF0-A2D9-4856-B19E-B000BC6AC7F5}
		{9A9443B1-F718-4A75-A50D-BCE72F0742B0} = {3FD9FFF0-A2D9-4856-B19E-B000BC6AC7F5}
		{28F6AF81-F71E-4956-A5AC-0B6287CCFA67} = {3FD9FFF0-A2D9-4856-B19E-B000BC6AC7F5}
		{3A61492B-B8EA-4FC0-915E-715E1EC3B855} = {3FD9FFF0-A2D9-4856-B19E-B000BC6AC7F5}
		{567FE728-5E1F-40CA-B364-4FA22F88EAFB} = {8B09E777-22CA-4004-BBF9-2A566E337589}
		{7872A993-4D89-40DA-BC88-E958B43FA25F} = {8B09E777-22CA-4004-BBF9-2A566E337589}
		{889F8861-C2AF-4FCE-B601-37D5AC773636} = {83CD8112-7E1D-4569-A70B-E16E86A2FADE}
		{F28D084A-8531-4FF4-B22C-6BAF26233692} = {83CD8112-7E1D-4569-A70B-E16E86A2FADE}
	EndGlobalSection
EndGlobal
